<?xml version="1.0" encoding="utf-8"?>
<Project ToolsVersion="4.0" xmlns="http://schemas.microsoft.com/developer/msbuild/2003">
  <ItemGroup>
    <Filter Include="소스 파일">
      <UniqueIdentifier>{4FC737F1-C7A5-4376-A066-2A32D752A2FF}</UniqueIdentifier>
      <Extensions>cpp;c;cc;cxx;def;odl;idl;hpj;bat;asm;asmx</Extensions>
    </Filter>
    <Filter Include="헤더 파일">
      <UniqueIdentifier>{93995380-89BD-4b04-88EB-625FBE52EBFB}</UniqueIdentifier>
      <Extensions>h;hh;hpp;hxx;hm;inl;inc;ipp;xsd</Extensions>
    </Filter>
    <Filter Include="리소스 파일">
      <UniqueIdentifier>{67DA6AB6-F800-4c08-8B7A-83BB121AAD01}</UniqueIdentifier>
      <Extensions>rc;ico;cur;bmp;dlg;rc2;rct;bin;rgs;gif;jpg;jpeg;jpe;resx;tiff;tif;png;wav;mfcribbon-ms</Extensions>
    </Filter>
  </ItemGroup>
  <ItemGroup>
    <None Include="Data\Input\SENSOR.INP">
      <Filter>리소스 파일</Filter>
    </None>
    <None Include="Data\Input\SETTING.INP">
      <Filter>리소스 파일</Filter>
    </None>
    <None Include="TARGET.INI">
      <Filter>리소스 파일</Filter>
    </None>
  </ItemGroup>
  <ItemGroup>
    <ClCompile Include="Function.c">
      <Filter>소스 파일</Filter>
    </ClCompile>
    <ClCompile Include="Initialize.c">
      <Filter>소스 파일</Filter>
    </ClCompile>
    <ClCompile Include="LaserInterface.c">
      <Filter>소스 파일</Filter>
    </ClCompile>
    <ClCompile Include="main.c">
      <Filter>소스 파일</Filter>
    </ClCompile>
    <ClCompile Include="manage.c">
      <Filter>소스 파일</Filter>
    </ClCompile>
    <ClCompile Include="MemWrite.c">
      <Filter>소스 파일</Filter>
    </ClCompile>
    <ClCompile Include="ReadData.c">
      <Filter>소스 파일</Filter>
    </ClCompile>
    <ClCompile Include="WriteData.c">
      <Filter>소스 파일</Filter>
    </ClCompile>
    <ClCompile Include="SharedMem.c">
      <Filter>소스 파일</Filter>
    </ClCompile>
    <ClCompile Include="consoleDesign.c">
      <Filter>소스 파일</Filter>
    </ClCompile>
  </ItemGroup>
  <ItemGroup>
    <ClInclude Include="Common.h">
      <Filter>헤더 파일</Filter>
    </ClInclude>
    <ClInclude Include="Declaration.h">
      <Filter>헤더 파일</Filter>
    </ClInclude>
    <ClInclude Include="Function.h">
      <Filter>헤더 파일</Filter>
    </ClInclude>
    <ClInclude Include="Include.h">
      <Filter>헤더 파일</Filter>
    </ClInclude>
    <ClInclude Include="Initialize.h">
      <Filter>헤더 파일</Filter>
    </ClInclude>
    <ClInclude Include="LaserInterface.h">
      <Filter>헤더 파일</Filter>
    </ClInclude>
    <ClInclude Include="manage.h">
      <Filter>헤더 파일</Filter>
    </ClInclude>
    <ClInclude Include="MemWrite.h">
      <Filter>헤더 파일</Filter>
    </ClInclude>
    <ClInclude Include="ReadData.h">
      <Filter>헤더 파일</Filter>
    </ClInclude>
    <ClInclude Include="Struct.h">
      <Filter>헤더 파일</Filter>
    </ClInclude>
    <ClInclude Include="Subsystems.h">
      <Filter>헤더 파일</Filter>
    </ClInclude>
    <ClInclude Include="Unit.h">
      <Filter>헤더 파일</Filter>
    </ClInclude>
    <ClInclude Include="WriteData.h">
      <Filter>헤더 파일</Filter>
    </ClInclude>
    <ClInclude Include="SharedMem.h">
      <Filter>헤더 파일</Filter>
    </ClInclude>
    <ClInclude Include="consoleDesign.h">
      <Filter>헤더 파일</Filter>
    </ClInclude>
  </ItemGroup>
</Project>