
Microsoft Visual Studio Solution File, Format Version 12.00
# Visual Studio 15
VisualStudioVersion = 15.0.28307.421
MinimumVisualStudioVersion = 10.0.40219.1
Project("{8BC9CEB8-8B4A-11D0-8D11-00A0C91BC942}") = "LIDAR", "LIDAR\LIDAR.vcxproj", "{6E9B2496-1212-4B11-B260-42514AE95901}"
EndProject
Global
	GlobalSection(SolutionConfigurationPlatforms) = preSolution
		Debug|x64 = Debug|x64
		Debug|x86 = Debug|x86
		Release|x64 = Release|x64
		Release|x86 = Release|x86
	EndGlobalSection
	GlobalSection(ProjectConfigurationPlatforms) = postSolution
		{6E9B2496-1212-4B11-B260-42514AE95901}.Debug|x64.ActiveCfg = Debug|x64
		{6E9B2496-1212-4B11-B260-42514AE95901}.Debug|x64.Build.0 = Debug|x64
		{6E9B2496-1212-4B11-B260-42514AE95901}.Debug|x86.ActiveCfg = Debug|Win32
		{6E9B2496-1212-4B11-B260-42514AE95901}.Debug|x86.Build.0 = Debug|Win32
		{6E9B2496-1212-4B11-B260-42514AE95901}.Release|x64.ActiveCfg = Release|x64
		{6E9B2496-1212-4B11-B260-42514AE95901}.Release|x64.Build.0 = Release|x64
		{6E9B2496-1212-4B11-B260-42514AE95901}.Release|x86.ActiveCfg = Release|Win32
		{6E9B2496-1212-4B11-B260-42514AE95901}.Release|x86.Build.0 = Release|Win32
	EndGlobalSection
	GlobalSection(SolutionProperties) = preSolution
		HideSolutionNode = FALSE
	EndGlobalSection
	GlobalSection(ExtensibilityGlobals) = postSolution
		SolutionGuid = {F5D51FBF-70AB-432E-BF35-1DB14F0BAE7D}
	EndGlobalSection
EndGlobal
